
Microsoft Visual Studio Solution File, Format Version 12.00
# Visual Studio 2013
VisualStudioVersion = 12.0.40629.0
MinimumVisualStudioVersion = 10.0.40219.1
Project("{2150E333-8FDC-42A3-9474-1A3956D46DE8}") = "misclibLIB", "misclibLIB", "{5459B069-62D8-4158-A7C4-4DC2AB9F56E1}"
EndProject
Project("{8BC9CEB8-8B4A-11D0-8D11-00A0C91BC942}") = "misclibLIB.Shared", "misclibLIB\misclibLIB.Shared\misclibLIB.Shared.vcxitems", "{D8107D3E-DD3F-4B71-87F3-5FA578C77AF3}"
EndProject
Project("{8BC9CEB8-8B4A-11D0-8D11-00A0C91BC942}") = "misclibLIB.Windows", "misclibLIB\misclibLIB.Windows\misclibLIB.Windows.vcxproj", "{7ED645F3-9E86-4268-B186-D933BC7280AE}"
EndProject
Project("{8BC9CEB8-8B4A-11D0-8D11-00A0C91BC942}") = "misclibLIB.WindowsPhone", "misclibLIB\misclibLIB.WindowsPhone\misclibLIB.WindowsPhone.vcxproj", "{9592FDDC-C89A-4CD6-9B9D-758BC5A10DF6}"
EndProject
Project("{2150E333-8FDC-42A3-9474-1A3956D46DE8}") = "misclibDLL", "misclibDLL", "{6EEA057B-3236-45FA-BB05-579231822A43}"
EndProject
Project("{8BC9CEB8-8B4A-11D0-8D11-00A0C91BC942}") = "misclibDLL.Shared", "misclibDLL\misclibDLL.Shared\misclibDLL.Shared.vcxitems", "{0192F264-072E-4ACB-AD4A-D054D5D98222}"
EndProject
Project("{8BC9CEB8-8B4A-11D0-8D11-00A0C91BC942}") = "misclibDLL.Windows", "misclibDLL\misclibDLL.Windows\misclibDLL.Windows.vcxproj", "{2EADD7D1-E625-4C79-A042-BA2CBDCAE085}"
EndProject
Project("{8BC9CEB8-8B4A-11D0-8D11-00A0C91BC942}") = "misclibDLL.WindowsPhone", "misclibDLL\misclibDLL.WindowsPhone\misclibDLL.WindowsPhone.vcxproj", "{3AF90436-D3C7-4D72-B9B6-6619DA55D97B}"
EndProject
Project("{8BC9CEB8-8B4A-11D0-8D11-00A0C91BC942}") = "misclibTest", "misclibTest\misclibTest.vcxproj", "{90386FD1-E523-43C2-AC87-80C4BB9DA32A}"
EndProject
Global
	GlobalSection(SharedMSBuildProjectFiles) = preSolution
		misclibDLL\misclibDLL.Shared\misclibDLL.Shared.vcxitems*{3af90436-d3c7-4d72-b9b6-6619da55d97b}*SharedItemsImports = 4
		misclibDLL\misclibDLL.Shared\misclibDLL.Shared.vcxitems*{0192f264-072e-4acb-ad4a-d054d5d98222}*SharedItemsImports = 9
		misclibLIB\misclibLIB.Shared\misclibLIB.Shared.vcxitems*{9592fddc-c89a-4cd6-9b9d-758bc5a10df6}*SharedItemsImports = 4
		misclibLIB\misclibLIB.Shared\misclibLIB.Shared.vcxitems*{7ed645f3-9e86-4268-b186-d933bc7280ae}*SharedItemsImports = 4
		misclibLIB\misclibLIB.Shared\misclibLIB.Shared.vcxitems*{d8107d3e-dd3f-4b71-87f3-5fa578c77af3}*SharedItemsImports = 9
		misclibDLL\misclibDLL.Shared\misclibDLL.Shared.vcxitems*{2eadd7d1-e625-4c79-a042-ba2cbdcae085}*SharedItemsImports = 4
	EndGlobalSection
	GlobalSection(SolutionConfigurationPlatforms) = preSolution
		Debug|ARM = Debug|ARM
		Debug|Win32 = Debug|Win32
		Debug|x64 = Debug|x64
		Release|ARM = Release|ARM
		Release|Win32 = Release|Win32
		Release|x64 = Release|x64
	EndGlobalSection
	GlobalSection(ProjectConfigurationPlatforms) = postSolution
		{7ED645F3-9E86-4268-B186-D933BC7280AE}.Debug|ARM.ActiveCfg = Debug|ARM
		{7ED645F3-9E86-4268-B186-D933BC7280AE}.Debug|ARM.Build.0 = Debug|ARM
		{7ED645F3-9E86-4268-B186-D933BC7280AE}.Debug|Win32.ActiveCfg = Debug|Win32
		{7ED645F3-9E86-4268-B186-D933BC7280AE}.Debug|Win32.Build.0 = Debug|Win32
		{7ED645F3-9E86-4268-B186-D933BC7280AE}.Debug|x64.ActiveCfg = Debug|x64
		{7ED645F3-9E86-4268-B186-D933BC7280AE}.Debug|x64.Build.0 = Debug|x64
		{7ED645F3-9E86-4268-B186-D933BC7280AE}.Release|ARM.ActiveCfg = Release|ARM
		{7ED645F3-9E86-4268-B186-D933BC7280AE}.Release|ARM.Build.0 = Release|ARM
		{7ED645F3-9E86-4268-B186-D933BC7280AE}.Release|Win32.ActiveCfg = Release|Win32
		{7ED645F3-9E86-4268-B186-D933BC7280AE}.Release|Win32.Build.0 = Release|Win32
		{7ED645F3-9E86-4268-B186-D933BC7280AE}.Release|x64.ActiveCfg = Release|x64
		{7ED645F3-9E86-4268-B186-D933BC7280AE}.Release|x64.Build.0 = Release|x64
		{9592FDDC-C89A-4CD6-9B9D-758BC5A10DF6}.Debug|ARM.ActiveCfg = Debug|ARM
		{9592FDDC-C89A-4CD6-9B9D-758BC5A10DF6}.Debug|ARM.Build.0 = Debug|ARM
		{9592FDDC-C89A-4CD6-9B9D-758BC5A10DF6}.Debug|Win32.ActiveCfg = Debug|Win32
		{9592FDDC-C89A-4CD6-9B9D-758BC5A10DF6}.Debug|Win32.Build.0 = Debug|Win32
		{9592FDDC-C89A-4CD6-9B9D-758BC5A10DF6}.Debug|x64.ActiveCfg = Debug|Win32
		{9592FDDC-C89A-4CD6-9B9D-758BC5A10DF6}.Release|ARM.ActiveCfg = Release|ARM
		{9592FDDC-C89A-4CD6-9B9D-758BC5A10DF6}.Release|ARM.Build.0 = Release|ARM
		{9592FDDC-C89A-4CD6-9B9D-758BC5A10DF6}.Release|Win32.ActiveCfg = Release|Win32
		{9592FDDC-C89A-4CD6-9B9D-758BC5A10DF6}.Release|Win32.Build.0 = Release|Win32
		{9592FDDC-C89A-4CD6-9B9D-758BC5A10DF6}.Release|x64.ActiveCfg = Release|Win32
		{2EADD7D1-E625-4C79-A042-BA2CBDCAE085}.Debug|ARM.ActiveCfg = Debug|ARM
		{2EADD7D1-E625-4C79-A042-BA2CBDCAE085}.Debug|ARM.Build.0 = Debug|ARM
		{2EADD7D1-E625-4C79-A042-BA2CBDCAE085}.Debug|Win32.ActiveCfg = Debug|Win32
		{2EADD7D1-E625-4C79-A042-BA2CBDCAE085}.Debug|Win32.Build.0 = Debug|Win32
		{2EADD7D1-E625-4C79-A042-BA2CBDCAE085}.Debug|x64.ActiveCfg = Debug|x64
		{2EADD7D1-E625-4C79-A042-BA2CBDCAE085}.Debug|x64.Build.0 = Debug|x64
		{2EADD7D1-E625-4C79-A042-BA2CBDCAE085}.Release|ARM.ActiveCfg = Release|ARM
		{2EADD7D1-E625-4C79-A042-BA2CBDCAE085}.Release|ARM.Build.0 = Release|ARM
		{2EADD7D1-E625-4C79-A042-BA2CBDCAE085}.Release|Win32.ActiveCfg = Release|Win32
		{2EADD7D1-E625-4C79-A042-BA2CBDCAE085}.Release|Win32.Build.0 = Release|Win32
		{2EADD7D1-E625-4C79-A042-BA2CBDCAE085}.Release|x64.ActiveCfg = Release|x64
		{2EADD7D1-E625-4C79-A042-BA2CBDCAE085}.Release|x64.Build.0 = Release|x64
		{3AF90436-D3C7-4D72-B9B6-6619DA55D97B}.Debug|ARM.ActiveCfg = Debug|ARM
		{3AF90436-D3C7-4D72-B9B6-6619DA55D97B}.Debug|ARM.Build.0 = Debug|ARM
		{3AF90436-D3C7-4D72-B9B6-6619DA55D97B}.Debug|Win32.ActiveCfg = Debug|Win32
		{3AF90436-D3C7-4D72-B9B6-6619DA55D97B}.Debug|Win32.Build.0 = Debug|Win32
		{3AF90436-D3C7-4D72-B9B6-6619DA55D97B}.Debug|x64.ActiveCfg = Debug|Win32
		{3AF90436-D3C7-4D72-B9B6-6619DA55D97B}.Release|ARM.ActiveCfg = Release|ARM
		{3AF90436-D3C7-4D72-B9B6-6619DA55D97B}.Release|ARM.Build.0 = Release|ARM
		{3AF90436-D3C7-4D72-B9B6-6619DA55D97B}.Release|Win32.ActiveCfg = Release|Win32
		{3AF90436-D3C7-4D72-B9B6-6619DA55D97B}.Release|Win32.Build.0 = Release|Win32
		{3AF90436-D3C7-4D72-B9B6-6619DA55D97B}.Release|x64.ActiveCfg = Release|Win32
		{90386FD1-E523-43C2-AC87-80C4BB9DA32A}.Debug|ARM.ActiveCfg = Debug|Win32
		{90386FD1-E523-43C2-AC87-80C4BB9DA32A}.Debug|Win32.ActiveCfg = Debug|Win32
		{90386FD1-E523-43C2-AC87-80C4BB9DA32A}.Debug|Win32.Build.0 = Debug|Win32
		{90386FD1-E523-43C2-AC87-80C4BB9DA32A}.Debug|x64.ActiveCfg = Debug|Win32
		{90386FD1-E523-43C2-AC87-80C4BB9DA32A}.Release|ARM.ActiveCfg = Release|Win32
		{90386FD1-E523-43C2-AC87-80C4BB9DA32A}.Release|Win32.ActiveCfg = Release|Win32
		{90386FD1-E523-43C2-AC87-80C4BB9DA32A}.Release|Win32.Build.0 = Release|Win32
		{90386FD1-E523-43C2-AC87-80C4BB9DA32A}.Release|x64.ActiveCfg = Release|Win32
	EndGlobalSection
	GlobalSection(SolutionProperties) = preSolution
		HideSolutionNode = FALSE
	EndGlobalSection
	GlobalSection(NestedProjects) = preSolution
		{D8107D3E-DD3F-4B71-87F3-5FA578C77AF3} = {5459B069-62D8-4158-A7C4-4DC2AB9F56E1}
		{7ED645F3-9E86-4268-B186-D933BC7280AE} = {5459B069-62D8-4158-A7C4-4DC2AB9F56E1}
		{9592FDDC-C89A-4CD6-9B9D-758BC5A10DF6} = {5459B069-62D8-4158-A7C4-4DC2AB9F56E1}
		{0192F264-072E-4ACB-AD4A-D054D5D98222} = {6EEA057B-3236-45FA-BB05-579231822A43}
		{2EADD7D1-E625-4C79-A042-BA2CBDCAE085} = {6EEA057B-3236-45FA-BB05-579231822A43}
		{3AF90436-D3C7-4D72-B9B6-6619DA55D97B} = {6EEA057B-3236-45FA-BB05-579231822A43}
	EndGlobalSection
EndGlobal
